
Microsoft Visual Studio Solution File, Format Version 12.00
# Visual Studio Version 17
VisualStudioVersion = 17.3.32929.385
MinimumVisualStudioVersion = 10.0.40219.1
Project("{FAE04EC0-301F-11D3-BF4B-00C04F79EFBC}") = "CombinedProject", "CombinedProject.csproj", "{6BB655A1-2128-4985-8E4D-1615D234293A}"
EndProject
Global
	GlobalSection(SolutionConfigurationPlatforms) = preSolution
		Debug|Any CPU = Debug|Any CPU
		Release|Any CPU = Release|Any CPU
	EndGlobalSection
	GlobalSection(ProjectConfigurationPlatforms) = postSolution
		{6BB655A1-2128-4985-8E4D-1615D234293A}.Debug|Any CPU.ActiveCfg = Debug|Any CPU
		{6BB655A1-2128-4985-8E4D-1615D234293A}.Debug|Any CPU.Build.0 = Debug|Any CPU
		{6BB655A1-2128-4985-8E4D-1615D234293A}.Release|Any CPU.ActiveCfg = Release|Any CPU
		{6BB655A1-2128-4985-8E4D-1615D234293A}.Release|Any CPU.Build.0 = Release|Any CPU
	EndGlobalSection
	GlobalSection(SolutionProperties) = preSolution
		HideSolutionNode = FALSE
	EndGlobalSection
	GlobalSection(ExtensibilityGlobals) = postSolution
		SolutionGuid = {4FFD1EFB-1A1A-4F12-8525-0F03E3B5213E}
	EndGlobalSection
EndGlobal
